<?xml version="1.0" encoding="utf-8"?>
<Project ToolsVersion="4.0" xmlns="http://schemas.microsoft.com/developer/msbuild/2003">
  <ItemGroup>
    <Filter Include="Source Files">
      <UniqueIdentifier>{4FC737F1-C7A5-4376-A066-2A32D752A2FF}</UniqueIdentifier>
      <Extensions>cpp;c;cc;cxx;c++;cppm;ixx;def;odl;idl;hpj;bat;asm;asmx</Extensions>
    </Filter>
    <Filter Include="Header Files">
      <UniqueIdentifier>{93995380-89BD-4b04-88EB-625FBE52EBFB}</UniqueIdentifier>
      <Extensions>h;hh;hpp;hxx;h++;hm;inl;inc;ipp;xsd</Extensions>
    </Filter>
    <Filter Include="Resource Files">
      <UniqueIdentifier>{67DA6AB6-F800-4c08-8B7A-83BB121AAD01}</UniqueIdentifier>
      <Extensions>rc;ico;cur;bmp;dlg;rc2;rct;bin;rgs;gif;jpg;jpeg;jpe;resx;tiff;tif;png;wav;mfcribbon-ms</Extensions>
    </Filter>
  </ItemGroup>
  <ItemGroup>
    <ClCompile Include="main.cpp">
      <Filter>Source Files</Filter>
    </ClCompile>
    <ClCompile Include="view\engine.cpp">
      <Filter>Source Files</Filter>
    </ClCompile>
    <ClCompile Include="control\app.cpp">
      <Filter>Source Files</Filter>
    </ClCompile>
    <ClCompile Include="model\scene.cpp">
      <Filter>Source Files</Filter>
    </ClCompile>
    <ClCompile Include="view\vkUtil\memory.cpp">
      <Filter>Source Files</Filter>
    </ClCompile>
    <ClCompile Include="control\logging.cpp">
      <Filter>Source Files</Filter>
    </ClCompile>
    <ClCompile Include="view\vkImage\image.cpp">
      <Filter>Source Files</Filter>
    </ClCompile>
    <ClCompile Include="view\vkUtil\single_time_commands.cpp">
      <Filter>Source Files</Filter>
    </ClCompile>
    <ClCompile Include="view\vkInit\descriptors.cpp">
      <Filter>Source Files</Filter>
    </ClCompile>
    <ClCompile Include="view\vkUtil\frame.cpp">
      <Filter>Source Files</Filter>
    </ClCompile>
    <ClCompile Include="config.cpp">
      <Filter>Source Files</Filter>
    </ClCompile>
    <ClCompile Include="view\vkMesh\obj_mesh.cpp">
      <Filter>Source Files</Filter>
    </ClCompile>
    <ClCompile Include="view\vkInit\pipeline.cpp">
      <Filter>Source Files</Filter>
    </ClCompile>
    <ClCompile Include="view\vkUtil\shaders.cpp">
      <Filter>Source Files</Filter>
    </ClCompile>
    <ClCompile Include="view\vkImage\texture.cpp">
      <Filter>Source Files</Filter>
    </ClCompile>
    <ClCompile Include="view\vkImage\cubemap.cpp">
      <Filter>Source Files</Filter>
    </ClCompile>
    <ClCompile Include="view\vkJob\job.cpp">
      <Filter>Source Files</Filter>
    </ClCompile>
    <ClCompile Include="view\vkImage\storage_image.cpp">
      <Filter>Source Files</Filter>
    </ClCompile>
    <ClCompile Include="view\vkInit\compute_pipeline.cpp">
      <Filter>Source Files</Filter>
    </ClCompile>
  </ItemGroup>
  <ItemGroup>
    <ClInclude Include="view\engine.h">
      <Filter>Header Files</Filter>
    </ClInclude>
    <ClInclude Include="view\vkInit\instance.h">
      <Filter>Header Files</Filter>
    </ClInclude>
    <ClInclude Include="config.h">
      <Filter>Header Files</Filter>
    </ClInclude>
    <ClInclude Include="view\vkInit\device.h">
      <Filter>Header Files</Filter>
    </ClInclude>
    <ClInclude Include="control\logging.h">
      <Filter>Header Files</Filter>
    </ClInclude>
    <ClInclude Include="view\vkInit\swapchain.h">
      <Filter>Header Files</Filter>
    </ClInclude>
    <ClInclude Include="view\vkUtil\queue_families.h">
      <Filter>Header Files</Filter>
    </ClInclude>
    <ClInclude Include="view\vkUtil\frame.h">
      <Filter>Header Files</Filter>
    </ClInclude>
    <ClInclude Include="view\vkUtil\shaders.h">
      <Filter>Header Files</Filter>
    </ClInclude>
    <ClInclude Include="view\vkInit\pipeline.h">
      <Filter>Header Files</Filter>
    </ClInclude>
    <ClInclude Include="view\vkInit\commands.h">
      <Filter>Header Files</Filter>
    </ClInclude>
    <ClInclude Include="view\vkInit\sync.h">
      <Filter>Header Files</Filter>
    </ClInclude>
    <ClInclude Include="control\app.h">
      <Filter>Header Files</Filter>
    </ClInclude>
    <ClInclude Include="view\vkUtil\render_structs.h">
      <Filter>Header Files</Filter>
    </ClInclude>
    <ClInclude Include="model\scene.h">
      <Filter>Header Files</Filter>
    </ClInclude>
    <ClInclude Include="view\vkMesh\mesh.h">
      <Filter>Header Files</Filter>
    </ClInclude>
    <ClInclude Include="view\vkUtil\memory.h">
      <Filter>Header Files</Filter>
    </ClInclude>
    <ClInclude Include="view\vkInit\descriptors.h">
      <Filter>Header Files</Filter>
    </ClInclude>
    <ClInclude Include="view\vkImage\stb_image.h">
      <Filter>Header Files</Filter>
    </ClInclude>
    <ClInclude Include="view\vkImage\image.h">
      <Filter>Header Files</Filter>
    </ClInclude>
    <ClInclude Include="view\vkUtil\single_time_commands.h">
      <Filter>Header Files</Filter>
    </ClInclude>
    <ClInclude Include="view\vkMesh\obj_mesh.h">
      <Filter>Header Files</Filter>
    </ClInclude>
    <ClInclude Include="view\vkImage\texture.h">
      <Filter>Header Files</Filter>
    </ClInclude>
    <ClInclude Include="view\vkImage\cubemap.h">
      <Filter>Header Files</Filter>
    </ClInclude>
    <ClInclude Include="view\vkJob\job.h">
      <Filter>Header Files</Filter>
    </ClInclude>
    <ClInclude Include="view\vkImage\storage_image.h">
      <Filter>Header Files</Filter>
    </ClInclude>
    <ClInclude Include="view\vkInit\compute_pipeline.h">
      <Filter>Header Files</Filter>
    </ClInclude>
  </ItemGroup>
  <ItemGroup>
    <None Include="shaders\compile.bat">
      <Filter>Source Files</Filter>
    </None>
    <None Include="shaders\screen_shader.vert" />
    <None Include="shaders\screen_shader.frag" />
  </ItemGroup>
</Project>