<?xml version="1.0" encoding="utf-8"?>
<Project ToolsVersion="4.0" xmlns="http://schemas.microsoft.com/developer/msbuild/2003">
  <ItemGroup>
    <Filter Include="Source Files">
      <UniqueIdentifier>{4FC737F1-C7A5-4376-A066-2A32D752A2FF}</UniqueIdentifier>
      <Extensions>cpp;c;cc;cxx;c++;cppm;ixx;def;odl;idl;hpj;bat;asm;asmx</Extensions>
    </Filter>
    <Filter Include="Header Files">
      <UniqueIdentifier>{93995380-89BD-4b04-88EB-625FBE52EBFB}</UniqueIdentifier>
      <Extensions>h;hh;hpp;hxx;h++;hm;inl;inc;ipp;xsd</Extensions>
    </Filter>
    <Filter Include="Resource Files">
      <UniqueIdentifier>{67DA6AB6-F800-4c08-8B7A-83BB121AAD01}</UniqueIdentifier>
      <Extensions>rc;ico;cur;bmp;dlg;rc2;rct;bin;rgs;gif;jpg;jpeg;jpe;resx;tiff;tif;png;wav;mfcribbon-ms</Extensions>
    </Filter>
  </ItemGroup>
  <ItemGroup>
    <ClInclude Include="config.h">
      <Filter>Header Files</Filter>
    </ClInclude>
    <ClInclude Include="stb_image.h">
      <Filter>Header Files</Filter>
    </ClInclude>
    <ClInclude Include="control\game_app.h">
      <Filter>Header Files</Filter>
    </ClInclude>
    <ClInclude Include="model\cube.h">
      <Filter>Header Files</Filter>
    </ClInclude>
    <ClInclude Include="model\player.h">
      <Filter>Header Files</Filter>
    </ClInclude>
    <ClInclude Include="model\scene.h">
      <Filter>Header Files</Filter>
    </ClInclude>
    <ClInclude Include="view\engine.h">
      <Filter>Header Files</Filter>
    </ClInclude>
    <ClInclude Include="view\image.h">
      <Filter>Header Files</Filter>
    </ClInclude>
    <ClInclude Include="view\material.h">
      <Filter>Header Files</Filter>
    </ClInclude>
    <ClInclude Include="view\obj_loader.h">
      <Filter>Header Files</Filter>
    </ClInclude>
    <ClInclude Include="view\obj_mesh.h">
      <Filter>Header Files</Filter>
    </ClInclude>
    <ClInclude Include="view\rectangle_model.h">
      <Filter>Header Files</Filter>
    </ClInclude>
    <ClInclude Include="view\shader.h">
      <Filter>Header Files</Filter>
    </ClInclude>
    <ClInclude Include="view\stb_image.h">
      <Filter>Header Files</Filter>
    </ClInclude>
    <ClInclude Include="view\tiny_obj_loader.h">
      <Filter>Header Files</Filter>
    </ClInclude>
    <ClInclude Include="model\light.h">
      <Filter>Header Files</Filter>
    </ClInclude>
    <ClInclude Include="view\toon_mesh.h">
      <Filter>Header Files</Filter>
    </ClInclude>
    <ClInclude Include="model\particle.h">
      <Filter>Header Files</Filter>
    </ClInclude>
    <ClInclude Include="model\curve.h">
      <Filter>Header Files</Filter>
    </ClInclude>
    <ClInclude Include="view\dynamic_curve.h">
      <Filter>Header Files</Filter>
    </ClInclude>
    <ClInclude Include="model\elastic_surface.h">
      <Filter>Header Files</Filter>
    </ClInclude>
    <ClInclude Include="view\dynamic_surface.h">
      <Filter>Header Files</Filter>
    </ClInclude>
  </ItemGroup>
  <ItemGroup>
    <ClCompile Include="glad.c">
      <Filter>Source Files</Filter>
    </ClCompile>
    <ClCompile Include="main.cpp">
      <Filter>Source Files</Filter>
    </ClCompile>
    <ClCompile Include="control\game_app.cpp">
      <Filter>Source Files</Filter>
    </ClCompile>
    <ClCompile Include="model\cube.cpp">
      <Filter>Source Files</Filter>
    </ClCompile>
    <ClCompile Include="model\player.cpp">
      <Filter>Source Files</Filter>
    </ClCompile>
    <ClCompile Include="model\scene.cpp">
      <Filter>Source Files</Filter>
    </ClCompile>
    <ClCompile Include="view\engine.cpp">
      <Filter>Source Files</Filter>
    </ClCompile>
    <ClCompile Include="view\image.cpp">
      <Filter>Source Files</Filter>
    </ClCompile>
    <ClCompile Include="view\material.cpp">
      <Filter>Source Files</Filter>
    </ClCompile>
    <ClCompile Include="view\obj_loader.cpp">
      <Filter>Source Files</Filter>
    </ClCompile>
    <ClCompile Include="view\obj_mesh.cpp">
      <Filter>Source Files</Filter>
    </ClCompile>
    <ClCompile Include="view\rectangle_model.cpp">
      <Filter>Source Files</Filter>
    </ClCompile>
    <ClCompile Include="view\shader.cpp">
      <Filter>Source Files</Filter>
    </ClCompile>
    <ClCompile Include="model\light.cpp">
      <Filter>Source Files</Filter>
    </ClCompile>
    <ClCompile Include="view\toon_mesh.cpp">
      <Filter>Source Files</Filter>
    </ClCompile>
    <ClCompile Include="model\particle.cpp">
      <Filter>Source Files</Filter>
    </ClCompile>
    <ClCompile Include="model\curve.cpp">
      <Filter>Source Files</Filter>
    </ClCompile>
    <ClCompile Include="view\dynamic_curve.cpp">
      <Filter>Source Files</Filter>
    </ClCompile>
    <ClCompile Include="model\elastic_surface.cpp">
      <Filter>Source Files</Filter>
    </ClCompile>
    <ClCompile Include="view\dynamic_surface.cpp">
      <Filter>Source Files</Filter>
    </ClCompile>
  </ItemGroup>
  <ItemGroup>
    <Text Include="shaders\fragment.txt" />
    <Text Include="shaders\vertex.txt" />
    <Text Include="shaders\vertex_toon.txt" />
    <Text Include="shaders\fragment_toon.txt" />
    <Text Include="shaders\fragment_particle.txt" />
    <Text Include="shaders\geometry_particle.txt" />
    <Text Include="shaders\vertex_particle.txt" />
    <Text Include="shaders\geometry_toon.txt" />
    <Text Include="shaders\curve_vertex.txt" />
    <Text Include="shaders\curve_tcs.txt" />
    <Text Include="shaders\curve_tes.txt" />
    <Text Include="shaders\curve_fragment.txt" />
    <Text Include="shaders\surface_vertex.txt" />
    <Text Include="shaders\surface_tcs.txt" />
    <Text Include="shaders\surface_tes.txt" />
    <Text Include="shaders\surface_fragment.txt" />
  </ItemGroup>
</Project>