
Microsoft Visual Studio Solution File, Format Version 12.00
# Visual Studio Version 17
VisualStudioVersion = 17.13.35825.156 d17.13
MinimumVisualStudioVersion = 10.0.40219.1
Project("{8BC9CEB8-8B4A-11D0-8D11-00A0C91BC942}") = "babalon_engine", "babalon_engine.vcxproj", "{ABA5DE57-33E1-43C8-A78F-83622C614BAD}"
EndProject
Global
	GlobalSection(SolutionConfigurationPlatforms) = preSolution
		Debug|x64 = Debug|x64
		Debug|x86 = Debug|x86
		Release|x64 = Release|x64
		Release|x86 = Release|x86
	EndGlobalSection
	GlobalSection(ProjectConfigurationPlatforms) = postSolution
		{ABA5DE57-33E1-43C8-A78F-83622C614BAD}.Debug|x64.ActiveCfg = Debug|x64
		{ABA5DE57-33E1-43C8-A78F-83622C614BAD}.Debug|x64.Build.0 = Debug|x64
		{ABA5DE57-33E1-43C8-A78F-83622C614BAD}.Debug|x86.ActiveCfg = Debug|Win32
		{ABA5DE57-33E1-43C8-A78F-83622C614BAD}.Debug|x86.Build.0 = Debug|Win32
		{ABA5DE57-33E1-43C8-A78F-83622C614BAD}.Release|x64.ActiveCfg = Release|x64
		{ABA5DE57-33E1-43C8-A78F-83622C614BAD}.Release|x64.Build.0 = Release|x64
		{ABA5DE57-33E1-43C8-A78F-83622C614BAD}.Release|x86.ActiveCfg = Release|Win32
		{ABA5DE57-33E1-43C8-A78F-83622C614BAD}.Release|x86.Build.0 = Release|Win32
	EndGlobalSection
	GlobalSection(SolutionProperties) = preSolution
		HideSolutionNode = FALSE
	EndGlobalSection
	GlobalSection(ExtensibilityGlobals) = postSolution
		SolutionGuid = {856FD3FC-B923-482E-B695-231EE4662F83}
	EndGlobalSection
EndGlobal
